
Microsoft Visual Studio Solution File, Format Version 12.00
# Visual Studio Version 17
VisualStudioVersion = 17.0.31903.59
MinimumVisualStudioVersion = 10.0.40219.1
Project("{2150E333-8FDC-42A3-9474-1A3956D46DE8}") = "src", "src", "{827E0CD3-B72D-47B6-A68D-7590B98EB39B}"
EndProject
Project("{FAE04EC0-301F-11D3-BF4B-00C04F79EFBC}") = "Hypesoft.Domain", "src\Hypesoft.Domain\Hypesoft.Domain.csproj", "{AB71DB37-5EDF-4A40-94A4-136BA9CE6C29}"
EndProject
Project("{FAE04EC0-301F-11D3-BF4B-00C04F79EFBC}") = "Hypesoft.Application", "src\Hypesoft.Application\Hypesoft.Application.csproj", "{56E3F405-9415-4B4B-9A07-95FA267CFFA4}"
EndProject
Project("{FAE04EC0-301F-11D3-BF4B-00C04F79EFBC}") = "Hypesoft.Infrastructure", "src\Hypesoft.Infrastructure\Hypesoft.Infrastructure.csproj", "{176ACF0C-37A7-4123-87E1-39FF40D67314}"
EndProject
Project("{FAE04EC0-301F-11D3-BF4B-00C04F79EFBC}") = "Hypesoft.API", "src\Hypesoft.API\Hypesoft.API.csproj", "{69031B85-BA4A-4E22-95F4-FE260B425082}"
EndProject
Global
	GlobalSection(SolutionConfigurationPlatforms) = preSolution
		Debug|Any CPU = Debug|Any CPU
		Debug|x64 = Debug|x64
		Debug|x86 = Debug|x86
		Release|Any CPU = Release|Any CPU
		Release|x64 = Release|x64
		Release|x86 = Release|x86
	EndGlobalSection
	GlobalSection(ProjectConfigurationPlatforms) = postSolution
		{AB71DB37-5EDF-4A40-94A4-136BA9CE6C29}.Debug|Any CPU.ActiveCfg = Debug|Any CPU
		{AB71DB37-5EDF-4A40-94A4-136BA9CE6C29}.Debug|Any CPU.Build.0 = Debug|Any CPU
		{AB71DB37-5EDF-4A40-94A4-136BA9CE6C29}.Debug|x64.ActiveCfg = Debug|Any CPU
		{AB71DB37-5EDF-4A40-94A4-136BA9CE6C29}.Debug|x64.Build.0 = Debug|Any CPU
		{AB71DB37-5EDF-4A40-94A4-136BA9CE6C29}.Debug|x86.ActiveCfg = Debug|Any CPU
		{AB71DB37-5EDF-4A40-94A4-136BA9CE6C29}.Debug|x86.Build.0 = Debug|Any CPU
		{AB71DB37-5EDF-4A40-94A4-136BA9CE6C29}.Release|Any CPU.ActiveCfg = Release|Any CPU
		{AB71DB37-5EDF-4A40-94A4-136BA9CE6C29}.Release|Any CPU.Build.0 = Release|Any CPU
		{AB71DB37-5EDF-4A40-94A4-136BA9CE6C29}.Release|x64.ActiveCfg = Release|Any CPU
		{AB71DB37-5EDF-4A40-94A4-136BA9CE6C29}.Release|x64.Build.0 = Release|Any CPU
		{AB71DB37-5EDF-4A40-94A4-136BA9CE6C29}.Release|x86.ActiveCfg = Release|Any CPU
		{AB71DB37-5EDF-4A40-94A4-136BA9CE6C29}.Release|x86.Build.0 = Release|Any CPU
		{56E3F405-9415-4B4B-9A07-95FA267CFFA4}.Debug|Any CPU.ActiveCfg = Debug|Any CPU
		{56E3F405-9415-4B4B-9A07-95FA267CFFA4}.Debug|Any CPU.Build.0 = Debug|Any CPU
		{56E3F405-9415-4B4B-9A07-95FA267CFFA4}.Debug|x64.ActiveCfg = Debug|Any CPU
		{56E3F405-9415-4B4B-9A07-95FA267CFFA4}.Debug|x64.Build.0 = Debug|Any CPU
		{56E3F405-9415-4B4B-9A07-95FA267CFFA4}.Debug|x86.ActiveCfg = Debug|Any CPU
		{56E3F405-9415-4B4B-9A07-95FA267CFFA4}.Debug|x86.Build.0 = Debug|Any CPU
		{56E3F405-9415-4B4B-9A07-95FA267CFFA4}.Release|Any CPU.ActiveCfg = Release|Any CPU
		{56E3F405-9415-4B4B-9A07-95FA267CFFA4}.Release|Any CPU.Build.0 = Release|Any CPU
		{56E3F405-9415-4B4B-9A07-95FA267CFFA4}.Release|x64.ActiveCfg = Release|Any CPU
		{56E3F405-9415-4B4B-9A07-95FA267CFFA4}.Release|x64.Build.0 = Release|Any CPU
		{56E3F405-9415-4B4B-9A07-95FA267CFFA4}.Release|x86.ActiveCfg = Release|Any CPU
		{56E3F405-9415-4B4B-9A07-95FA267CFFA4}.Release|x86.Build.0 = Release|Any CPU
		{176ACF0C-37A7-4123-87E1-39FF40D67314}.Debug|Any CPU.ActiveCfg = Debug|Any CPU
		{176ACF0C-37A7-4123-87E1-39FF40D67314}.Debug|Any CPU.Build.0 = Debug|Any CPU
		{176ACF0C-37A7-4123-87E1-39FF40D67314}.Debug|x64.ActiveCfg = Debug|Any CPU
		{176ACF0C-37A7-4123-87E1-39FF40D67314}.Debug|x64.Build.0 = Debug|Any CPU
		{176ACF0C-37A7-4123-87E1-39FF40D67314}.Debug|x86.ActiveCfg = Debug|Any CPU
		{176ACF0C-37A7-4123-87E1-39FF40D67314}.Debug|x86.Build.0 = Debug|Any CPU
		{176ACF0C-37A7-4123-87E1-39FF40D67314}.Release|Any CPU.ActiveCfg = Release|Any CPU
		{176ACF0C-37A7-4123-87E1-39FF40D67314}.Release|Any CPU.Build.0 = Release|Any CPU
		{176ACF0C-37A7-4123-87E1-39FF40D67314}.Release|x64.ActiveCfg = Release|Any CPU
		{176ACF0C-37A7-4123-87E1-39FF40D67314}.Release|x64.Build.0 = Release|Any CPU
		{176ACF0C-37A7-4123-87E1-39FF40D67314}.Release|x86.ActiveCfg = Release|Any CPU
		{176ACF0C-37A7-4123-87E1-39FF40D67314}.Release|x86.Build.0 = Release|Any CPU
		{69031B85-BA4A-4E22-95F4-FE260B425082}.Debug|Any CPU.ActiveCfg = Debug|Any CPU
		{69031B85-BA4A-4E22-95F4-FE260B425082}.Debug|Any CPU.Build.0 = Debug|Any CPU
		{69031B85-BA4A-4E22-95F4-FE260B425082}.Debug|x64.ActiveCfg = Debug|Any CPU
		{69031B85-BA4A-4E22-95F4-FE260B425082}.Debug|x64.Build.0 = Debug|Any CPU
		{69031B85-BA4A-4E22-95F4-FE260B425082}.Debug|x86.ActiveCfg = Debug|Any CPU
		{69031B85-BA4A-4E22-95F4-FE260B425082}.Debug|x86.Build.0 = Debug|Any CPU
		{69031B85-BA4A-4E22-95F4-FE260B425082}.Release|Any CPU.ActiveCfg = Release|Any CPU
		{69031B85-BA4A-4E22-95F4-FE260B425082}.Release|Any CPU.Build.0 = Release|Any CPU
		{69031B85-BA4A-4E22-95F4-FE260B425082}.Release|x64.ActiveCfg = Release|Any CPU
		{69031B85-BA4A-4E22-95F4-FE260B425082}.Release|x64.Build.0 = Release|Any CPU
		{69031B85-BA4A-4E22-95F4-FE260B425082}.Release|x86.ActiveCfg = Release|Any CPU
		{69031B85-BA4A-4E22-95F4-FE260B425082}.Release|x86.Build.0 = Release|Any CPU
	EndGlobalSection
	GlobalSection(SolutionProperties) = preSolution
		HideSolutionNode = FALSE
	EndGlobalSection
	GlobalSection(NestedProjects) = preSolution
		{AB71DB37-5EDF-4A40-94A4-136BA9CE6C29} = {827E0CD3-B72D-47B6-A68D-7590B98EB39B}
		{56E3F405-9415-4B4B-9A07-95FA267CFFA4} = {827E0CD3-B72D-47B6-A68D-7590B98EB39B}
		{176ACF0C-37A7-4123-87E1-39FF40D67314} = {827E0CD3-B72D-47B6-A68D-7590B98EB39B}
		{69031B85-BA4A-4E22-95F4-FE260B425082} = {827E0CD3-B72D-47B6-A68D-7590B98EB39B}
	EndGlobalSection
EndGlobal
